{
  "name": "proyecto_ventas",
  "lockfileVersion": 3,
  "requires": true,
  "packages": {
    "": {
      "dependencies": {
        "@fortawesome/fontawesome-free": "^6.6.0",
        "@hotwired/stimulus": "^3.2.2",
        "@rails/request.js": "^0.0.11",
        "select2": "^4.1.0-rc.0",
        "stimulus-select2": "^0.0.4",
        "toastr": "^2.1.4"
      }
    },
    "node_modules/@fortawesome/fontawesome-free": {
      "version": "6.6.0",
      "resolved": "https://registry.npmjs.org/@fortawesome/fontawesome-free/-/fontawesome-free-6.6.0.tgz",
      "integrity": "sha512-60G28ke/sXdtS9KZCpZSHHkCbdsOGEhIUGlwq6yhY74UpTiToIh8np7A8yphhM4BWsvNFtIvLpi4co+h9Mr9Ow==",
      "license": "(CC-BY-4.0 AND OFL-1.1 AND MIT)",
      "engines": {
        "node": ">=6"
      }
    },
    "node_modules/@hotwired/stimulus": {
      "version": "3.2.2",
      "resolved": "https://registry.npmjs.org/@hotwired/stimulus/-/stimulus-3.2.2.tgz",
      "integrity": "sha512-eGeIqNOQpXoPAIP7tC1+1Yc1yl1xnwYqg+3mzqxyrbE5pg5YFBZcA6YoTiByJB6DKAEsiWtl6tjTJS4IYtbB7A==",
      "license": "MIT"
    },
    "node_modules/@rails/request.js": {
      "version": "0.0.11",
      "resolved": "https://registry.npmjs.org/@rails/request.js/-/request.js-0.0.11.tgz",
      "integrity": "sha512-2U3uYS0kbljt+pAstN+LIlZOl7xmOKig5N6FrvtUWO1wq0zR1Hf90fHfD2SYiyV8yH1nyKpoTmbLqWT0xe1zDg==",
      "license": "MIT"
    },
    "node_modules/@stimulus/core": {
      "version": "1.1.1",
      "resolved": "https://registry.npmjs.org/@stimulus/core/-/core-1.1.1.tgz",
      "integrity": "sha512-PVJv7IpuQx0MVPCBblXc6O2zbCmU8dlxXNH4bC9KK6LsvGaE+PCXXrXQfXUwAsse1/CmRu/iQG7Ov58himjiGg==",
      "dependencies": {
        "@stimulus/mutation-observers": "^1.1.1"
      }
    },
    "node_modules/@stimulus/multimap": {
      "version": "1.1.1",
      "resolved": "https://registry.npmjs.org/@stimulus/multimap/-/multimap-1.1.1.tgz",
      "integrity": "sha512-26R1fI3a8uUj0WlMmta4qcfIQGlagegdP4PTz6lz852q/dXlG6r+uPS/bx+H8GtfyS+OOXVr3SkZ0Zg0iRqRfQ=="
    },
    "node_modules/@stimulus/mutation-observers": {
      "version": "1.1.1",
      "resolved": "https://registry.npmjs.org/@stimulus/mutation-observers/-/mutation-observers-1.1.1.tgz",
      "integrity": "sha512-/zCnnw1KJlWO2mrx0yxYaRFZWMGnDMdOgSnI4hxDLxdWVuL2HMROU8FpHWVBLjKY3T9A+lGkcrmPGDHF3pfS9w==",
      "dependencies": {
        "@stimulus/multimap": "^1.1.1"
      }
    },
    "node_modules/@stimulus/webpack-helpers": {
      "version": "1.1.1",
      "resolved": "https://registry.npmjs.org/@stimulus/webpack-helpers/-/webpack-helpers-1.1.1.tgz",
      "integrity": "sha512-XOkqSw53N9072FLHvpLM25PIwy+ndkSSbnTtjKuyzsv8K5yfkFB2rv68jU1pzqYa9FZLcvZWP4yazC0V38dx9A=="
    },
    "node_modules/jquery": {
      "version": "3.7.1",
      "resolved": "https://registry.npmjs.org/jquery/-/jquery-3.7.1.tgz",
      "integrity": "sha512-m4avr8yL8kmFN8psrbFFFmB/If14iN5o9nw/NgnnM+kybDJpRsAynV2BsfpTYrTRysYUdADVD7CkUUizgkpLfg==",
      "license": "MIT"
    },
    "node_modules/select2": {
      "version": "4.1.0-rc.0",
      "resolved": "https://registry.npmjs.org/select2/-/select2-4.1.0-rc.0.tgz",
      "integrity": "sha512-Hr9TdhyHCZUtwznEH2CBf7967mEM0idtJ5nMtjvk3Up5tPukOLXbHUNmh10oRfeNIhj+3GD3niu+g6sVK+gK0A==",
      "license": "MIT"
    },
    "node_modules/stimulus": {
      "version": "1.1.1",
      "resolved": "https://registry.npmjs.org/stimulus/-/stimulus-1.1.1.tgz",
      "integrity": "sha512-R0mBqKp48YnRDZOxZ8hiOH4Ilph3Yj78CIFTBkCwyHs4iGCpe7xlEdQ7cjIxb+7qVCSxFKgxO+mAQbsNgt/5XQ==",
      "dependencies": {
        "@stimulus/core": "^1.1.1",
        "@stimulus/webpack-helpers": "^1.1.1"
      }
    },
    "node_modules/stimulus-select2": {
      "version": "0.0.4",
      "resolved": "https://registry.npmjs.org/stimulus-select2/-/stimulus-select2-0.0.4.tgz",
      "integrity": "sha512-QBAvl6WsyoiQRbL7THp+NkDZlWvzdhPS8NGYXbQGG+t1iZihaaTxZWWy+MXQAVMjjtH6H4w5DEcgDpFMRoTk9w==",
      "dependencies": {
        "stimulus": "^1.1.1"
      }
    },
    "node_modules/toastr": {
      "version": "2.1.4",
      "resolved": "https://registry.npmjs.org/toastr/-/toastr-2.1.4.tgz",
      "integrity": "sha512-LIy77F5n+sz4tefMmFOntcJ6HL0Fv3k1TDnNmFZ0bU/GcvIIfy6eG2v7zQmMiYgaalAiUv75ttFrPn5s0gyqlA==",
      "dependencies": {
        "jquery": ">=1.12.0"
      }
    }
  }
}
