# THIS IS AN AUTOGENERATED FILE. DO NOT EDIT THIS FILE DIRECTLY.
# yarn lockfile v1


"@fortawesome/fontawesome-free@^6.6.0":
  version "6.6.0"
  resolved "https://registry.npmjs.org/@fortawesome/fontawesome-free/-/fontawesome-free-6.6.0.tgz"
  integrity sha512-60G28ke/sXdtS9KZCpZSHHkCbdsOGEhIUGlwq6yhY74UpTiToIh8np7A8yphhM4BWsvNFtIvLpi4co+h9Mr9Ow==

"@hotwired/stimulus@^3.2.2":
  version "3.2.2"
  resolved "https://registry.npmjs.org/@hotwired/stimulus/-/stimulus-3.2.2.tgz"
  integrity sha512-eGeIqNOQpXoPAIP7tC1+1Yc1yl1xnwYqg+3mzqxyrbE5pg5YFBZcA6YoTiByJB6DKAEsiWtl6tjTJS4IYtbB7A==

"@rails/request.js@^0.0.11":
  version "0.0.11"
  resolved "https://registry.npmjs.org/@rails/request.js/-/request.js-0.0.11.tgz"
  integrity sha512-2U3uYS0kbljt+pAstN+LIlZOl7xmOKig5N6FrvtUWO1wq0zR1Hf90fHfD2SYiyV8yH1nyKpoTmbLqWT0xe1zDg==

"@stimulus-components/rails-nested-form@^5.0.0":
  version "5.0.0"
  resolved "https://registry.yarnpkg.com/@stimulus-components/rails-nested-form/-/rails-nested-form-5.0.0.tgz#b443ad8ba5220328cfd704ca956ebf95ab8c4848"
  integrity sha512-qrmmurT+KBPrz9iBlyrgJa6Di8i0j328kSk2SUR53nK5W0kDhw1YxVC91aUR+7EsFKiwJT1iB7oDSwpDhDQPeA==

jquery@>=1.12.0:
  version "3.7.1"
  resolved "https://registry.npmjs.org/jquery/-/jquery-3.7.1.tgz"
  integrity sha512-m4avr8yL8kmFN8psrbFFFmB/If14iN5o9nw/NgnnM+kybDJpRsAynV2BsfpTYrTRysYUdADVD7CkUUizgkpLfg==

slim-select@^2.9.2:
  version "2.9.2"
  resolved "https://registry.yarnpkg.com/slim-select/-/slim-select-2.9.2.tgz#cfb99c3f65190cef06c88e4c5723a0f6a7770710"
  integrity sha512-3Kxgj7Nk7sHHEu8Xzq70pkNNNdKmOr3OwKOjqSzcGeJ9j2hCOxIvIdYcAqKUM1eRnl+3ycKKK/YrzsjxrxAoZg==

toastr@^2.1.4:
  version "2.1.4"
  resolved "https://registry.npmjs.org/toastr/-/toastr-2.1.4.tgz"
  integrity sha512-LIy77F5n+sz4tefMmFOntcJ6HL0Fv3k1TDnNmFZ0bU/GcvIIfy6eG2v7zQmMiYgaalAiUv75ttFrPn5s0gyqlA==
  dependencies:
    jquery ">=1.12.0"
